
Microsoft Visual Studio Solution File, Format Version 12.00
# Visual Studio Version 16
VisualStudioVersion = 16.0.31313.79
MinimumVisualStudioVersion = 10.0.40219.1
Project("{9A19103F-16F7-4668-BE54-9A1E7A4F7556}") = "WordFinder.ConsoleUI", "WordFinder.ConsoleUI\WordFinder.ConsoleUI.csproj", "{C6844042-1EBE-4FB5-B28F-C7E043698FB3}"
EndProject
Project("{9A19103F-16F7-4668-BE54-9A1E7A4F7556}") = "WordFinder.Core", "WordFinder.Core\WordFinder.Core.csproj", "{D0678367-DE3E-4303-AFFB-499383191C77}"
EndProject
Project("{9A19103F-16F7-4668-BE54-9A1E7A4F7556}") = "WordFinder.Data", "WordFinder.Data\WordFinder.Data.csproj", "{9599FF04-E78A-416E-8377-87A1A706B57E}"
EndProject
Project("{9A19103F-16F7-4668-BE54-9A1E7A4F7556}") = "WordFinder.DesktopUI", "WordFinder.DesktopUI\WordFinder.DesktopUI.csproj", "{F0862569-80CF-4584-850D-A1115852008A}"
EndProject
Project("{FAE04EC0-301F-11D3-BF4B-00C04F79EFBC}") = "WordFinder.Benchmarks", "WordFinder.Benchmarks\WordFinder.Benchmarks.csproj", "{0187A471-FBDC-43C6-A581-F31FCBC1AC2A}"
EndProject
Global
	GlobalSection(SolutionConfigurationPlatforms) = preSolution
		Debug|Any CPU = Debug|Any CPU
		Release|Any CPU = Release|Any CPU
	EndGlobalSection
	GlobalSection(ProjectConfigurationPlatforms) = postSolution
		{C6844042-1EBE-4FB5-B28F-C7E043698FB3}.Debug|Any CPU.ActiveCfg = Debug|Any CPU
		{C6844042-1EBE-4FB5-B28F-C7E043698FB3}.Debug|Any CPU.Build.0 = Debug|Any CPU
		{C6844042-1EBE-4FB5-B28F-C7E043698FB3}.Release|Any CPU.ActiveCfg = Release|Any CPU
		{C6844042-1EBE-4FB5-B28F-C7E043698FB3}.Release|Any CPU.Build.0 = Release|Any CPU
		{D0678367-DE3E-4303-AFFB-499383191C77}.Debug|Any CPU.ActiveCfg = Debug|Any CPU
		{D0678367-DE3E-4303-AFFB-499383191C77}.Debug|Any CPU.Build.0 = Debug|Any CPU
		{D0678367-DE3E-4303-AFFB-499383191C77}.Release|Any CPU.ActiveCfg = Release|Any CPU
		{D0678367-DE3E-4303-AFFB-499383191C77}.Release|Any CPU.Build.0 = Release|Any CPU
		{9599FF04-E78A-416E-8377-87A1A706B57E}.Debug|Any CPU.ActiveCfg = Debug|Any CPU
		{9599FF04-E78A-416E-8377-87A1A706B57E}.Debug|Any CPU.Build.0 = Debug|Any CPU
		{9599FF04-E78A-416E-8377-87A1A706B57E}.Release|Any CPU.ActiveCfg = Release|Any CPU
		{9599FF04-E78A-416E-8377-87A1A706B57E}.Release|Any CPU.Build.0 = Release|Any CPU
		{F0862569-80CF-4584-850D-A1115852008A}.Debug|Any CPU.ActiveCfg = Debug|Any CPU
		{F0862569-80CF-4584-850D-A1115852008A}.Debug|Any CPU.Build.0 = Debug|Any CPU
		{F0862569-80CF-4584-850D-A1115852008A}.Release|Any CPU.ActiveCfg = Release|Any CPU
		{F0862569-80CF-4584-850D-A1115852008A}.Release|Any CPU.Build.0 = Release|Any CPU
		{0187A471-FBDC-43C6-A581-F31FCBC1AC2A}.Debug|Any CPU.ActiveCfg = Debug|Any CPU
		{0187A471-FBDC-43C6-A581-F31FCBC1AC2A}.Debug|Any CPU.Build.0 = Debug|Any CPU
		{0187A471-FBDC-43C6-A581-F31FCBC1AC2A}.Release|Any CPU.ActiveCfg = Release|Any CPU
		{0187A471-FBDC-43C6-A581-F31FCBC1AC2A}.Release|Any CPU.Build.0 = Release|Any CPU
	EndGlobalSection
	GlobalSection(SolutionProperties) = preSolution
		HideSolutionNode = FALSE
	EndGlobalSection
	GlobalSection(ExtensibilityGlobals) = postSolution
		SolutionGuid = {1770747F-FA75-4840-8153-5CD586E7D4D3}
	EndGlobalSection
EndGlobal
